
Microsoft Visual Studio Solution File, Format Version 12.00
# Visual Studio 2012
Project("{FAE04EC0-301F-11D3-BF4B-00C04F79EFBC}") = "Glossaries.IOS", "Glossaries.IOS\Glossaries.IOS.csproj", "{5DE972F6-E95D-41B7-AC51-4FF536D46BDA}"
EndProject
Project("{2150E333-8FDC-42A3-9474-1A3956D46DE8}") = "common", "common", "{A57EFCCE-69BD-4E69-915D-73F4B6014CE0}"
EndProject
Project("{FAE04EC0-301F-11D3-BF4B-00C04F79EFBC}") = "Glossaries.Model", "Glossaries.Model\Glossaries.Model.csproj", "{154CAB06-1526-4522-A843-83048BEFB731}"
EndProject
Project("{FAE04EC0-301F-11D3-BF4B-00C04F79EFBC}") = "Glossaries.Core", "Glossaries.Core\Glossaries.Core.csproj", "{4855E5DA-526B-4C40-9B2F-3F7B9B2E174A}"
EndProject
Project("{FAE04EC0-301F-11D3-BF4B-00C04F79EFBC}") = "Glossaries.Test", "Glossaries.Test\Glossaries.Test.csproj", "{FFA5B7BF-1C03-4C00-8364-B6243476E9D8}"
EndProject
Global
	GlobalSection(SolutionConfigurationPlatforms) = preSolution
		Debug|Any CPU = Debug|Any CPU
		Release|Any CPU = Release|Any CPU
		Debug|iPhoneSimulator = Debug|iPhoneSimulator
		Release|iPhone = Release|iPhone
		Release|iPhoneSimulator = Release|iPhoneSimulator
		Debug|iPhone = Debug|iPhone
	EndGlobalSection
	GlobalSection(ProjectConfigurationPlatforms) = postSolution
		{154CAB06-1526-4522-A843-83048BEFB731}.Debug|Any CPU.ActiveCfg = Debug|Any CPU
		{154CAB06-1526-4522-A843-83048BEFB731}.Debug|Any CPU.Build.0 = Debug|Any CPU
		{154CAB06-1526-4522-A843-83048BEFB731}.Debug|iPhone.ActiveCfg = Debug|Any CPU
		{154CAB06-1526-4522-A843-83048BEFB731}.Debug|iPhone.Build.0 = Debug|Any CPU
		{154CAB06-1526-4522-A843-83048BEFB731}.Debug|iPhoneSimulator.ActiveCfg = Debug|Any CPU
		{154CAB06-1526-4522-A843-83048BEFB731}.Debug|iPhoneSimulator.Build.0 = Debug|Any CPU
		{154CAB06-1526-4522-A843-83048BEFB731}.Release|Any CPU.ActiveCfg = Release|Any CPU
		{154CAB06-1526-4522-A843-83048BEFB731}.Release|Any CPU.Build.0 = Release|Any CPU
		{154CAB06-1526-4522-A843-83048BEFB731}.Release|iPhone.ActiveCfg = Release|Any CPU
		{154CAB06-1526-4522-A843-83048BEFB731}.Release|iPhone.Build.0 = Release|Any CPU
		{154CAB06-1526-4522-A843-83048BEFB731}.Release|iPhoneSimulator.ActiveCfg = Release|Any CPU
		{154CAB06-1526-4522-A843-83048BEFB731}.Release|iPhoneSimulator.Build.0 = Release|Any CPU
		{4855E5DA-526B-4C40-9B2F-3F7B9B2E174A}.Debug|Any CPU.ActiveCfg = Debug|Any CPU
		{4855E5DA-526B-4C40-9B2F-3F7B9B2E174A}.Debug|Any CPU.Build.0 = Debug|Any CPU
		{4855E5DA-526B-4C40-9B2F-3F7B9B2E174A}.Debug|iPhone.ActiveCfg = Debug|Any CPU
		{4855E5DA-526B-4C40-9B2F-3F7B9B2E174A}.Debug|iPhone.Build.0 = Debug|Any CPU
		{4855E5DA-526B-4C40-9B2F-3F7B9B2E174A}.Debug|iPhoneSimulator.ActiveCfg = Debug|Any CPU
		{4855E5DA-526B-4C40-9B2F-3F7B9B2E174A}.Debug|iPhoneSimulator.Build.0 = Debug|Any CPU
		{4855E5DA-526B-4C40-9B2F-3F7B9B2E174A}.Release|Any CPU.ActiveCfg = Release|Any CPU
		{4855E5DA-526B-4C40-9B2F-3F7B9B2E174A}.Release|Any CPU.Build.0 = Release|Any CPU
		{4855E5DA-526B-4C40-9B2F-3F7B9B2E174A}.Release|iPhone.ActiveCfg = Release|Any CPU
		{4855E5DA-526B-4C40-9B2F-3F7B9B2E174A}.Release|iPhone.Build.0 = Release|Any CPU
		{4855E5DA-526B-4C40-9B2F-3F7B9B2E174A}.Release|iPhoneSimulator.ActiveCfg = Release|Any CPU
		{4855E5DA-526B-4C40-9B2F-3F7B9B2E174A}.Release|iPhoneSimulator.Build.0 = Release|Any CPU
		{5DE972F6-E95D-41B7-AC51-4FF536D46BDA}.Debug|Any CPU.ActiveCfg = Debug|iPhoneSimulator
		{5DE972F6-E95D-41B7-AC51-4FF536D46BDA}.Debug|Any CPU.Build.0 = Debug|iPhoneSimulator
		{5DE972F6-E95D-41B7-AC51-4FF536D46BDA}.Debug|iPhone.ActiveCfg = Debug|iPhone
		{5DE972F6-E95D-41B7-AC51-4FF536D46BDA}.Debug|iPhone.Build.0 = Debug|iPhone
		{5DE972F6-E95D-41B7-AC51-4FF536D46BDA}.Debug|iPhoneSimulator.ActiveCfg = Debug|iPhoneSimulator
		{5DE972F6-E95D-41B7-AC51-4FF536D46BDA}.Debug|iPhoneSimulator.Build.0 = Debug|iPhoneSimulator
		{5DE972F6-E95D-41B7-AC51-4FF536D46BDA}.Release|Any CPU.ActiveCfg = Release|iPhone
		{5DE972F6-E95D-41B7-AC51-4FF536D46BDA}.Release|Any CPU.Build.0 = Release|iPhone
		{5DE972F6-E95D-41B7-AC51-4FF536D46BDA}.Release|iPhone.ActiveCfg = Release|iPhone
		{5DE972F6-E95D-41B7-AC51-4FF536D46BDA}.Release|iPhone.Build.0 = Release|iPhone
		{5DE972F6-E95D-41B7-AC51-4FF536D46BDA}.Release|iPhoneSimulator.ActiveCfg = Release|iPhoneSimulator
		{5DE972F6-E95D-41B7-AC51-4FF536D46BDA}.Release|iPhoneSimulator.Build.0 = Release|iPhoneSimulator
		{FFA5B7BF-1C03-4C00-8364-B6243476E9D8}.Debug|Any CPU.ActiveCfg = Debug|Any CPU
		{FFA5B7BF-1C03-4C00-8364-B6243476E9D8}.Debug|Any CPU.Build.0 = Debug|Any CPU
		{FFA5B7BF-1C03-4C00-8364-B6243476E9D8}.Debug|iPhone.ActiveCfg = Debug|Any CPU
		{FFA5B7BF-1C03-4C00-8364-B6243476E9D8}.Debug|iPhone.Build.0 = Debug|Any CPU
		{FFA5B7BF-1C03-4C00-8364-B6243476E9D8}.Debug|iPhoneSimulator.ActiveCfg = Debug|Any CPU
		{FFA5B7BF-1C03-4C00-8364-B6243476E9D8}.Debug|iPhoneSimulator.Build.0 = Debug|Any CPU
		{FFA5B7BF-1C03-4C00-8364-B6243476E9D8}.Release|Any CPU.ActiveCfg = Release|Any CPU
		{FFA5B7BF-1C03-4C00-8364-B6243476E9D8}.Release|Any CPU.Build.0 = Release|Any CPU
		{FFA5B7BF-1C03-4C00-8364-B6243476E9D8}.Release|iPhone.ActiveCfg = Release|Any CPU
		{FFA5B7BF-1C03-4C00-8364-B6243476E9D8}.Release|iPhone.Build.0 = Release|Any CPU
		{FFA5B7BF-1C03-4C00-8364-B6243476E9D8}.Release|iPhoneSimulator.ActiveCfg = Release|Any CPU
		{FFA5B7BF-1C03-4C00-8364-B6243476E9D8}.Release|iPhoneSimulator.Build.0 = Release|Any CPU
	EndGlobalSection
	GlobalSection(NestedProjects) = preSolution
		{154CAB06-1526-4522-A843-83048BEFB731} = {A57EFCCE-69BD-4E69-915D-73F4B6014CE0}
		{4855E5DA-526B-4C40-9B2F-3F7B9B2E174A} = {A57EFCCE-69BD-4E69-915D-73F4B6014CE0}
		{FFA5B7BF-1C03-4C00-8364-B6243476E9D8} = {A57EFCCE-69BD-4E69-915D-73F4B6014CE0}
	EndGlobalSection
EndGlobal
